
Microsoft Visual Studio Solution File, Format Version 12.00
# Visual Studio 15
Project("{FAE04EC0-301F-11D3-BF4B-00C04F79EFBC}") = "4621188d80568b040aa910ae18ee2296", "Assembly-CSharp.csproj", "{ABC04B7C-2780-A952-88E5-8DCF4ED47F89}"
EndProject
Global
	GlobalSection(SolutionConfigurationPlatforms) = preSolution
		Debug|Any CPU = Debug|Any CPU
		Release|Any CPU = Release|Any CPU
	EndGlobalSection
	GlobalSection(ProjectConfigurationPlatforms) = postSolution
		{ABC04B7C-2780-A952-88E5-8DCF4ED47F89}.Debug|Any CPU.ActiveCfg = Debug|Any CPU
		{ABC04B7C-2780-A952-88E5-8DCF4ED47F89}.Debug|Any CPU.Build.0 = Debug|Any CPU
		{ABC04B7C-2780-A952-88E5-8DCF4ED47F89}.Release|Any CPU.ActiveCfg = Release|Any CPU
		{ABC04B7C-2780-A952-88E5-8DCF4ED47F89}.Release|Any CPU.Build.0 = Release|Any CPU
	EndGlobalSection
	GlobalSection(SolutionProperties) = preSolution
		HideSolutionNode = FALSE
	EndGlobalSection
EndGlobal
